
Microsoft Visual Studio Solution File, Format Version 12.00
# Visual Studio Version 17
VisualStudioVersion = 17.0.32002.185
MinimumVisualStudioVersion = 10.0.40219.1
Project("{9A19103F-16F7-4668-BE54-9A1E7A4F7556}") = "Promeetec.EDMS.Web", "src\Client\Promeetec.EDMS.Web\Promeetec.EDMS.Web.csproj", "{9073A260-B42F-4203-A5D2-0F340D43AB9D}"
EndProject
Project("{2150E333-8FDC-42A3-9474-1A3956D46DE8}") = "Src", "Src", "{C70E811D-4BAF-402A-85B7-A5C884A249FC}"
EndProject
Project("{2150E333-8FDC-42A3-9474-1A3956D46DE8}") = "Client", "Client", "{C3E4D5C5-E4E6-4284-983D-93733491A179}"
EndProject
Project("{2150E333-8FDC-42A3-9474-1A3956D46DE8}") = "Core", "Core", "{63606BA5-A6E2-4F6D-881C-6CBA6B0B16AA}"
EndProject
Project("{9A19103F-16F7-4668-BE54-9A1E7A4F7556}") = "Promeetec.EDMS", "src\Core\Promeetec.EDMS\Promeetec.EDMS.csproj", "{2BDC0035-5487-4963-89FC-C0BCF059385D}"
EndProject
Project("{9A19103F-16F7-4668-BE54-9A1E7A4F7556}") = "Promeetec.EDMS.Data", "src\Core\Promeetec.EDMS.Data\Promeetec.EDMS.Data.csproj", "{15023CCA-8DD4-4F63-A5F4-54FC2016890A}"
EndProject
Project("{9A19103F-16F7-4668-BE54-9A1E7A4F7556}") = "Promeetec.EDMS.Domain", "src\Core\Promeetec.EDMS.Domain\Promeetec.EDMS.Domain.csproj", "{538D60DF-FF61-40D2-9A3F-741981ED494F}"
EndProject
Project("{9A19103F-16F7-4668-BE54-9A1E7A4F7556}") = "Promeetec.EDMS.Reporting", "src\Core\Promeetec.EDMS.Reporting\Promeetec.EDMS.Reporting.csproj", "{90C90BD2-E192-4B33-8042-C908AB463EAB}"
EndProject
Project("{9A19103F-16F7-4668-BE54-9A1E7A4F7556}") = "Promeetec.EDMS.Services", "src\Core\Promeetec.EDMS.Services\Promeetec.EDMS.Services.csproj", "{2028C060-712D-4726-81B3-0391C8249E16}"
EndProject
Project("{9A19103F-16F7-4668-BE54-9A1E7A4F7556}") = "Promeetec.EDMS.Vecozo.ION", "src\Core\Promeetec.EDMS.Vecozo.ION\Promeetec.EDMS.Vecozo.ION.csproj", "{28440A0C-6230-4B97-AE4F-6475B7D8AEF3}"
EndProject
Project("{2150E333-8FDC-42A3-9474-1A3956D46DE8}") = "Tests", "Tests", "{4A0A641A-59CA-4236-A0DC-96E56472B300}"
EndProject
Project("{9A19103F-16F7-4668-BE54-9A1E7A4F7556}") = "Promeetec.EDMS.Domain.Tests", "src\Tests\Promeetec.EDMS.Domain.Tests\Promeetec.EDMS.Domain.Tests.csproj", "{126BC4A2-424A-4DEA-B37F-9526C4E2E7D6}"
EndProject
Project("{2150E333-8FDC-42A3-9474-1A3956D46DE8}") = "Solution Items", "Solution Items", "{0B8F5A64-170F-4A0E-A5E9-FFB07C663E66}"
EndProject
Project("{9A19103F-16F7-4668-BE54-9A1E7A4F7556}") = "Promeetec.EDMS.Data.Tests", "src\Tests\Promeetec.EDMS.Data.Tests\Promeetec.EDMS.Data.Tests.csproj", "{C3AA6BE9-44FB-41B6-B9A1-C6740D044DF4}"
EndProject
Project("{9A19103F-16F7-4668-BE54-9A1E7A4F7556}") = "Promeetec.EDMS.Tests", "src\Tests\Promeetec.EDMS.Tests\Promeetec.EDMS.Tests.csproj", "{7B045140-F8CF-485E-9DE5-46FA1FFF35BE}"
EndProject
Project("{FAE04EC0-301F-11D3-BF4B-00C04F79EFBC}") = "Promeetec.EDMS.Reporting.Tests", "src\Tests\Promeetec.EDMS.Reporting.Tests\Promeetec.EDMS.Reporting.Tests.csproj", "{324555D1-1206-4B09-98DD-FF2FE9568492}"
EndProject
Global
	GlobalSection(SolutionConfigurationPlatforms) = preSolution
		Debug|Any CPU = Debug|Any CPU
		Release|Any CPU = Release|Any CPU
	EndGlobalSection
	GlobalSection(ProjectConfigurationPlatforms) = postSolution
		{9073A260-B42F-4203-A5D2-0F340D43AB9D}.Debug|Any CPU.ActiveCfg = Debug|Any CPU
		{9073A260-B42F-4203-A5D2-0F340D43AB9D}.Debug|Any CPU.Build.0 = Debug|Any CPU
		{9073A260-B42F-4203-A5D2-0F340D43AB9D}.Release|Any CPU.ActiveCfg = Release|Any CPU
		{9073A260-B42F-4203-A5D2-0F340D43AB9D}.Release|Any CPU.Build.0 = Release|Any CPU
		{2BDC0035-5487-4963-89FC-C0BCF059385D}.Debug|Any CPU.ActiveCfg = Debug|Any CPU
		{2BDC0035-5487-4963-89FC-C0BCF059385D}.Debug|Any CPU.Build.0 = Debug|Any CPU
		{2BDC0035-5487-4963-89FC-C0BCF059385D}.Release|Any CPU.ActiveCfg = Release|Any CPU
		{2BDC0035-5487-4963-89FC-C0BCF059385D}.Release|Any CPU.Build.0 = Release|Any CPU
		{15023CCA-8DD4-4F63-A5F4-54FC2016890A}.Debug|Any CPU.ActiveCfg = Debug|Any CPU
		{15023CCA-8DD4-4F63-A5F4-54FC2016890A}.Debug|Any CPU.Build.0 = Debug|Any CPU
		{15023CCA-8DD4-4F63-A5F4-54FC2016890A}.Release|Any CPU.ActiveCfg = Release|Any CPU
		{15023CCA-8DD4-4F63-A5F4-54FC2016890A}.Release|Any CPU.Build.0 = Release|Any CPU
		{538D60DF-FF61-40D2-9A3F-741981ED494F}.Debug|Any CPU.ActiveCfg = Debug|Any CPU
		{538D60DF-FF61-40D2-9A3F-741981ED494F}.Debug|Any CPU.Build.0 = Debug|Any CPU
		{538D60DF-FF61-40D2-9A3F-741981ED494F}.Release|Any CPU.ActiveCfg = Release|Any CPU
		{538D60DF-FF61-40D2-9A3F-741981ED494F}.Release|Any CPU.Build.0 = Release|Any CPU
		{90C90BD2-E192-4B33-8042-C908AB463EAB}.Debug|Any CPU.ActiveCfg = Debug|Any CPU
		{90C90BD2-E192-4B33-8042-C908AB463EAB}.Debug|Any CPU.Build.0 = Debug|Any CPU
		{90C90BD2-E192-4B33-8042-C908AB463EAB}.Release|Any CPU.ActiveCfg = Release|Any CPU
		{90C90BD2-E192-4B33-8042-C908AB463EAB}.Release|Any CPU.Build.0 = Release|Any CPU
		{2028C060-712D-4726-81B3-0391C8249E16}.Debug|Any CPU.ActiveCfg = Debug|Any CPU
		{2028C060-712D-4726-81B3-0391C8249E16}.Debug|Any CPU.Build.0 = Debug|Any CPU
		{2028C060-712D-4726-81B3-0391C8249E16}.Release|Any CPU.ActiveCfg = Release|Any CPU
		{2028C060-712D-4726-81B3-0391C8249E16}.Release|Any CPU.Build.0 = Release|Any CPU
		{28440A0C-6230-4B97-AE4F-6475B7D8AEF3}.Debug|Any CPU.ActiveCfg = Debug|Any CPU
		{28440A0C-6230-4B97-AE4F-6475B7D8AEF3}.Debug|Any CPU.Build.0 = Debug|Any CPU
		{28440A0C-6230-4B97-AE4F-6475B7D8AEF3}.Release|Any CPU.ActiveCfg = Release|Any CPU
		{28440A0C-6230-4B97-AE4F-6475B7D8AEF3}.Release|Any CPU.Build.0 = Release|Any CPU
		{126BC4A2-424A-4DEA-B37F-9526C4E2E7D6}.Debug|Any CPU.ActiveCfg = Debug|Any CPU
		{126BC4A2-424A-4DEA-B37F-9526C4E2E7D6}.Debug|Any CPU.Build.0 = Debug|Any CPU
		{126BC4A2-424A-4DEA-B37F-9526C4E2E7D6}.Release|Any CPU.ActiveCfg = Release|Any CPU
		{126BC4A2-424A-4DEA-B37F-9526C4E2E7D6}.Release|Any CPU.Build.0 = Release|Any CPU
		{C3AA6BE9-44FB-41B6-B9A1-C6740D044DF4}.Debug|Any CPU.ActiveCfg = Debug|Any CPU
		{C3AA6BE9-44FB-41B6-B9A1-C6740D044DF4}.Debug|Any CPU.Build.0 = Debug|Any CPU
		{C3AA6BE9-44FB-41B6-B9A1-C6740D044DF4}.Release|Any CPU.ActiveCfg = Release|Any CPU
		{C3AA6BE9-44FB-41B6-B9A1-C6740D044DF4}.Release|Any CPU.Build.0 = Release|Any CPU
		{7B045140-F8CF-485E-9DE5-46FA1FFF35BE}.Debug|Any CPU.ActiveCfg = Debug|Any CPU
		{7B045140-F8CF-485E-9DE5-46FA1FFF35BE}.Debug|Any CPU.Build.0 = Debug|Any CPU
		{7B045140-F8CF-485E-9DE5-46FA1FFF35BE}.Release|Any CPU.ActiveCfg = Release|Any CPU
		{7B045140-F8CF-485E-9DE5-46FA1FFF35BE}.Release|Any CPU.Build.0 = Release|Any CPU
		{324555D1-1206-4B09-98DD-FF2FE9568492}.Debug|Any CPU.ActiveCfg = Debug|Any CPU
		{324555D1-1206-4B09-98DD-FF2FE9568492}.Debug|Any CPU.Build.0 = Debug|Any CPU
		{324555D1-1206-4B09-98DD-FF2FE9568492}.Release|Any CPU.ActiveCfg = Release|Any CPU
		{324555D1-1206-4B09-98DD-FF2FE9568492}.Release|Any CPU.Build.0 = Release|Any CPU
	EndGlobalSection
	GlobalSection(SolutionProperties) = preSolution
		HideSolutionNode = FALSE
	EndGlobalSection
	GlobalSection(NestedProjects) = preSolution
		{9073A260-B42F-4203-A5D2-0F340D43AB9D} = {C3E4D5C5-E4E6-4284-983D-93733491A179}
		{C3E4D5C5-E4E6-4284-983D-93733491A179} = {C70E811D-4BAF-402A-85B7-A5C884A249FC}
		{63606BA5-A6E2-4F6D-881C-6CBA6B0B16AA} = {C70E811D-4BAF-402A-85B7-A5C884A249FC}
		{2BDC0035-5487-4963-89FC-C0BCF059385D} = {63606BA5-A6E2-4F6D-881C-6CBA6B0B16AA}
		{15023CCA-8DD4-4F63-A5F4-54FC2016890A} = {63606BA5-A6E2-4F6D-881C-6CBA6B0B16AA}
		{538D60DF-FF61-40D2-9A3F-741981ED494F} = {63606BA5-A6E2-4F6D-881C-6CBA6B0B16AA}
		{90C90BD2-E192-4B33-8042-C908AB463EAB} = {63606BA5-A6E2-4F6D-881C-6CBA6B0B16AA}
		{2028C060-712D-4726-81B3-0391C8249E16} = {63606BA5-A6E2-4F6D-881C-6CBA6B0B16AA}
		{28440A0C-6230-4B97-AE4F-6475B7D8AEF3} = {63606BA5-A6E2-4F6D-881C-6CBA6B0B16AA}
		{4A0A641A-59CA-4236-A0DC-96E56472B300} = {C70E811D-4BAF-402A-85B7-A5C884A249FC}
		{126BC4A2-424A-4DEA-B37F-9526C4E2E7D6} = {4A0A641A-59CA-4236-A0DC-96E56472B300}
		{C3AA6BE9-44FB-41B6-B9A1-C6740D044DF4} = {4A0A641A-59CA-4236-A0DC-96E56472B300}
		{7B045140-F8CF-485E-9DE5-46FA1FFF35BE} = {4A0A641A-59CA-4236-A0DC-96E56472B300}
		{324555D1-1206-4B09-98DD-FF2FE9568492} = {4A0A641A-59CA-4236-A0DC-96E56472B300}
	EndGlobalSection
	GlobalSection(ExtensibilityGlobals) = postSolution
		SolutionGuid = {8D0636F9-E8A4-44A5-B8E0-ED141CECE8BF}
	EndGlobalSection
EndGlobal
